
Microsoft Visual Studio Solution File, Format Version 12.00
# Visual Studio Version 17
VisualStudioVersion = 17.1.32414.318
MinimumVisualStudioVersion = 10.0.40219.1
Project("{9A19103F-16F7-4668-BE54-9A1E7A4F7556}") = "Administration", "TelegramBot\Administration.csproj", "{1AC59678-8F00-440B-956C-1A63EFD5E80D}"
EndProject
Project("{2150E333-8FDC-42A3-9474-1A3956D46DE8}") = "Solution Items", "Solution Items", "{59141FF1-FAA4-42DF-B50E-423E8855DF4B}"
	ProjectSection(SolutionItems) = preProject
		TelegramBot\bin\Debug\net6.0-windows\Information.db = TelegramBot\bin\Debug\net6.0-windows\Information.db
	EndProjectSection
EndProject
Project("{FAE04EC0-301F-11D3-BF4B-00C04F79EFBC}") = "Bot", "Bot\Bot.csproj", "{CBC75D61-5F9F-4CBE-BF28-72148284CAAD}"
EndProject
Global
	GlobalSection(SolutionConfigurationPlatforms) = preSolution
		Debug|Any CPU = Debug|Any CPU
		Debug|x64 = Debug|x64
		Release|Any CPU = Release|Any CPU
		Release|x64 = Release|x64
	EndGlobalSection
	GlobalSection(ProjectConfigurationPlatforms) = postSolution
		{1AC59678-8F00-440B-956C-1A63EFD5E80D}.Debug|Any CPU.ActiveCfg = Debug|Any CPU
		{1AC59678-8F00-440B-956C-1A63EFD5E80D}.Debug|Any CPU.Build.0 = Debug|Any CPU
		{1AC59678-8F00-440B-956C-1A63EFD5E80D}.Debug|x64.ActiveCfg = Debug|x64
		{1AC59678-8F00-440B-956C-1A63EFD5E80D}.Debug|x64.Build.0 = Debug|x64
		{1AC59678-8F00-440B-956C-1A63EFD5E80D}.Release|Any CPU.ActiveCfg = Release|Any CPU
		{1AC59678-8F00-440B-956C-1A63EFD5E80D}.Release|Any CPU.Build.0 = Release|Any CPU
		{1AC59678-8F00-440B-956C-1A63EFD5E80D}.Release|x64.ActiveCfg = Release|x64
		{1AC59678-8F00-440B-956C-1A63EFD5E80D}.Release|x64.Build.0 = Release|x64
		{CBC75D61-5F9F-4CBE-BF28-72148284CAAD}.Debug|Any CPU.ActiveCfg = Debug|Any CPU
		{CBC75D61-5F9F-4CBE-BF28-72148284CAAD}.Debug|Any CPU.Build.0 = Debug|Any CPU
		{CBC75D61-5F9F-4CBE-BF28-72148284CAAD}.Debug|x64.ActiveCfg = Debug|Any CPU
		{CBC75D61-5F9F-4CBE-BF28-72148284CAAD}.Debug|x64.Build.0 = Debug|Any CPU
		{CBC75D61-5F9F-4CBE-BF28-72148284CAAD}.Release|Any CPU.ActiveCfg = Release|Any CPU
		{CBC75D61-5F9F-4CBE-BF28-72148284CAAD}.Release|Any CPU.Build.0 = Release|Any CPU
		{CBC75D61-5F9F-4CBE-BF28-72148284CAAD}.Release|x64.ActiveCfg = Release|Any CPU
		{CBC75D61-5F9F-4CBE-BF28-72148284CAAD}.Release|x64.Build.0 = Release|Any CPU
	EndGlobalSection
	GlobalSection(SolutionProperties) = preSolution
		HideSolutionNode = FALSE
	EndGlobalSection
	GlobalSection(ExtensibilityGlobals) = postSolution
		SolutionGuid = {9862237F-2C6C-4858-BE85-2C215BCB871B}
	EndGlobalSection
EndGlobal
